{
    "name": "web",
    "lockfileVersion": 2,
    "requires": true,
    "packages": {
        "": {
            "dependencies": {
                "@phoebusjs/phoebus-web": "^0.1.0"
            }
        },
        "node_modules/@phoebusjs/phoebus-core": {
            "version": "0.1.5",
            "resolved": "https://registry.npmjs.org/@phoebusjs/phoebus-core/-/phoebus-core-0.1.5.tgz",
            "integrity": "sha512-K61we74si9JCkleY9+VSC1ZSiPAO7PGybGKEjG8tHB6wRl04RutZ3GqDTlyN0jOC6Cs57Sh4PYT04hn4FTuJqw=="
        },
        "node_modules/@phoebusjs/phoebus-web": {
            "version": "0.1.0",
            "resolved": "https://registry.npmjs.org/@phoebusjs/phoebus-web/-/phoebus-web-0.1.0.tgz",
            "integrity": "sha512-eFgO/lbP/JnxGf9L3HlezqXugyHd/5J/vT1ZhgI8xhhqgN91pQ8tgobADBK5hRojNdKojRwR41yM1p5BDH9TpA==",
            "dependencies": {
                "@phoebusjs/phoebus-core": "^0.1.4",
                "axios": "^0.21.1"
            }
        },
        "node_modules/axios": {
            "version": "0.21.1",
            "resolved": "https://registry.npmjs.org/axios/-/axios-0.21.1.tgz",
            "integrity": "sha512-dKQiRHxGD9PPRIUNIWvZhPTPpl1rf/OxTYKsqKUDjBwYylTvV7SjSHJb9ratfyzM6wCdLCOYLzs73qpg5c4iGA==",
            "dependencies": {
                "follow-redirects": "^1.10.0"
            }
        },
        "node_modules/follow-redirects": {
            "version": "1.14.1",
            "resolved": "https://registry.npmjs.org/follow-redirects/-/follow-redirects-1.14.1.tgz",
            "integrity": "sha512-HWqDgT7ZEkqRzBvc2s64vSZ/hfOceEol3ac/7tKwzuvEyWx3/4UegXh5oBOIotkGsObyk3xznnSRVADBgWSQVg==",
            "funding": [
                {
                    "type": "individual",
                    "url": "https://github.com/sponsors/RubenVerborgh"
                }
            ],
            "engines": {
                "node": ">=4.0"
            },
            "peerDependenciesMeta": {
                "debug": {
                    "optional": true
                }
            }
        }
    },
    "dependencies": {
        "@phoebusjs/phoebus-core": {
            "version": "0.1.5",
            "resolved": "https://registry.npmjs.org/@phoebusjs/phoebus-core/-/phoebus-core-0.1.5.tgz",
            "integrity": "sha512-K61we74si9JCkleY9+VSC1ZSiPAO7PGybGKEjG8tHB6wRl04RutZ3GqDTlyN0jOC6Cs57Sh4PYT04hn4FTuJqw=="
        },
        "@phoebusjs/phoebus-web": {
            "version": "0.1.0",
            "resolved": "https://registry.npmjs.org/@phoebusjs/phoebus-web/-/phoebus-web-0.1.0.tgz",
            "integrity": "sha512-eFgO/lbP/JnxGf9L3HlezqXugyHd/5J/vT1ZhgI8xhhqgN91pQ8tgobADBK5hRojNdKojRwR41yM1p5BDH9TpA==",
            "requires": {
                "@phoebusjs/phoebus-core": "^0.1.4",
                "axios": "^0.21.1"
            }
        },
        "axios": {
            "version": "0.21.1",
            "resolved": "https://registry.npmjs.org/axios/-/axios-0.21.1.tgz",
            "integrity": "sha512-dKQiRHxGD9PPRIUNIWvZhPTPpl1rf/OxTYKsqKUDjBwYylTvV7SjSHJb9ratfyzM6wCdLCOYLzs73qpg5c4iGA==",
            "requires": {
                "follow-redirects": "^1.10.0"
            }
        },
        "follow-redirects": {
            "version": "1.14.1",
            "resolved": "https://registry.npmjs.org/follow-redirects/-/follow-redirects-1.14.1.tgz",
            "integrity": "sha512-HWqDgT7ZEkqRzBvc2s64vSZ/hfOceEol3ac/7tKwzuvEyWx3/4UegXh5oBOIotkGsObyk3xznnSRVADBgWSQVg=="
        }
    }
}
