{
    "name": "networkless",
    "lockfileVersion": 2,
    "requires": true,
    "packages": {
        "": {
            "dependencies": {
                "@phoebusjs/phoebus-core": "^0.1.0"
            }
        },
        "node_modules/@phoebusjs/phoebus-core": {
            "version": "0.1.5",
            "resolved": "https://registry.npmjs.org/@phoebusjs/phoebus-core/-/phoebus-core-0.1.5.tgz",
            "integrity": "sha512-K61we74si9JCkleY9+VSC1ZSiPAO7PGybGKEjG8tHB6wRl04RutZ3GqDTlyN0jOC6Cs57Sh4PYT04hn4FTuJqw=="
        }
    },
    "dependencies": {
        "@phoebusjs/phoebus-core": {
            "version": "0.1.5",
            "resolved": "https://registry.npmjs.org/@phoebusjs/phoebus-core/-/phoebus-core-0.1.5.tgz",
            "integrity": "sha512-K61we74si9JCkleY9+VSC1ZSiPAO7PGybGKEjG8tHB6wRl04RutZ3GqDTlyN0jOC6Cs57Sh4PYT04hn4FTuJqw=="
        }
    }
}
