{
    "name": "networkless",
    "lockfileVersion": 2,
    "requires": true,
    "packages": {
        "": {
            "dependencies": {
                "@phoebusjs/phoebus-core": "^0.1.6"
            }
        },
        "node_modules/@phoebusjs/phoebus-core": {
            "version": "0.1.6",
            "resolved": "https://registry.npmjs.org/@phoebusjs/phoebus-core/-/phoebus-core-0.1.6.tgz",
            "integrity": "sha512-lpWerURQnwXzR1KusveH0nYDK49NBekFtnT+BLsIFibZalLKjBsZpThMGba4cpjo8A5gfJRrSbWDMz5Go7pTSQ=="
        }
    },
    "dependencies": {
        "@phoebusjs/phoebus-core": {
            "version": "0.1.6",
            "resolved": "https://registry.npmjs.org/@phoebusjs/phoebus-core/-/phoebus-core-0.1.6.tgz",
            "integrity": "sha512-lpWerURQnwXzR1KusveH0nYDK49NBekFtnT+BLsIFibZalLKjBsZpThMGba4cpjo8A5gfJRrSbWDMz5Go7pTSQ=="
        }
    }
}
