{
    "name": "networkless",
    "lockfileVersion": 2,
    "requires": true,
    "packages": {
        "": {
            "dependencies": {
                "@phoebusjs/phoebus-core": "^0.1.7"
            }
        },
        "node_modules/@phoebusjs/phoebus-core": {
            "version": "0.1.7",
            "resolved": "https://registry.npmjs.org/@phoebusjs/phoebus-core/-/phoebus-core-0.1.7.tgz",
            "integrity": "sha512-ha0k+Ck5Nm4/69v1Ae5tmY3ez79yS8Z0ouT8Mvcu/402XaB9IPo4XRqK2VFimobgT4w8I4u5W+6nOZ1Dsjn2tw=="
        }
    },
    "dependencies": {
        "@phoebusjs/phoebus-core": {
            "version": "0.1.7",
            "resolved": "https://registry.npmjs.org/@phoebusjs/phoebus-core/-/phoebus-core-0.1.7.tgz",
            "integrity": "sha512-ha0k+Ck5Nm4/69v1Ae5tmY3ez79yS8Z0ouT8Mvcu/402XaB9IPo4XRqK2VFimobgT4w8I4u5W+6nOZ1Dsjn2tw=="
        }
    }
}
